
Microsoft Visual Studio Solution File, Format Version 12.00
# Visual Studio Version 17
VisualStudioVersion = 17.2.32630.192
MinimumVisualStudioVersion = 10.0.40219.1
Project("{FAE04EC0-301F-11D3-BF4B-00C04F79EFBC}") = "AdminPlugins", "Admin\AdminPlugins.csproj", "{668D440A-A72A-4331-933E-A0A60E8AA0E2}"
EndProject
Project("{FAE04EC0-301F-11D3-BF4B-00C04F79EFBC}") = "DuplicateDetectionPlugins", "DuplicateDetection\DuplicateDetectionPlugins.csproj", "{F1B867F6-1F99-410F-8D3E-857E36AAE227}"
EndProject
Global
	GlobalSection(SolutionConfigurationPlatforms) = preSolution
		Debug|Any CPU = Debug|Any CPU
		Release|Any CPU = Release|Any CPU
	EndGlobalSection
	GlobalSection(ProjectConfigurationPlatforms) = postSolution
		{668D440A-A72A-4331-933E-A0A60E8AA0E2}.Debug|Any CPU.ActiveCfg = Debug|Any CPU
		{668D440A-A72A-4331-933E-A0A60E8AA0E2}.Debug|Any CPU.Build.0 = Debug|Any CPU
		{668D440A-A72A-4331-933E-A0A60E8AA0E2}.Release|Any CPU.ActiveCfg = Release|Any CPU
		{668D440A-A72A-4331-933E-A0A60E8AA0E2}.Release|Any CPU.Build.0 = Release|Any CPU
		{F1B867F6-1F99-410F-8D3E-857E36AAE227}.Debug|Any CPU.ActiveCfg = Debug|Any CPU
		{F1B867F6-1F99-410F-8D3E-857E36AAE227}.Debug|Any CPU.Build.0 = Debug|Any CPU
		{F1B867F6-1F99-410F-8D3E-857E36AAE227}.Release|Any CPU.ActiveCfg = Release|Any CPU
		{F1B867F6-1F99-410F-8D3E-857E36AAE227}.Release|Any CPU.Build.0 = Release|Any CPU
	EndGlobalSection
	GlobalSection(SolutionProperties) = preSolution
		HideSolutionNode = FALSE
	EndGlobalSection
	GlobalSection(ExtensibilityGlobals) = postSolution
		SolutionGuid = {8998C22D-34A3-4573-9640-CF0CBEFE258B}
	EndGlobalSection
EndGlobal
